// !$*UTF8*$!
{
	archiveVersion = 1;
	classes = {
	};
	objectVersion = 50;
	objects = {

/* Begin PBXBuildFile section */
		228AB95420C1BE70005618DE /* AppDelegate.swift in Sources */ = {isa = PBXBuildFile; fileRef = 228AB95320C1BE70005618DE /* AppDelegate.swift */; };
		228AB95620C1BE70005618DE /* ViewController.swift in Sources */ = {isa = PBXBuildFile; fileRef = 228AB95520C1BE70005618DE /* ViewController.swift */; };
		228AB95920C1BE70005618DE /* Main.storyboard in Resources */ = {isa = PBXBuildFile; fileRef = 228AB95720C1BE70005618DE /* Main.storyboard */; };
		228AB95B20C1BE72005618DE /* Assets.xcassets in Resources */ = {isa = PBXBuildFile; fileRef = 228AB95A20C1BE72005618DE /* Assets.xcassets */; };
		228AB95E20C1BE72005618DE /* LaunchScreen.storyboard in Resources */ = {isa = PBXBuildFile; fileRef = 228AB95C20C1BE72005618DE /* LaunchScreen.storyboard */; };
		228AB96620C1BE86005618DE /* BluetoothGuy.swift in Sources */ = {isa = PBXBuildFile; fileRef = 228AB96520C1BE86005618DE /* BluetoothGuy.swift */; };
		228AB96920C1C074005618DE /* CoreBluetooth.framework in Frameworks */ = {isa = PBXBuildFile; fileRef = 228AB96820C1C074005618DE /* CoreBluetooth.framework */; };
		22990B9A20C35A0100616ED5 /* BluetoothConstants.swift in Sources */ = {isa = PBXBuildFile; fileRef = 22990B9920C35A0100616ED5 /* BluetoothConstants.swift */; };
/* End PBXBuildFile section */

/* Begin PBXFileReference section */
		228AB95020C1BE70005618DE /* Bluetooth.app */ = {isa = PBXFileReference; explicitFileType = wrapper.application; includeInIndex = 0; path = Bluetooth.app; sourceTree = BUILT_PRODUCTS_DIR; };
		228AB95320C1BE70005618DE /* AppDelegate.swift */ = {isa = PBXFileReference; lastKnownFileType = sourcecode.swift; path = AppDelegate.swift; sourceTree = "<group>"; };
		228AB95520C1BE70005618DE /* ViewController.swift */ = {isa = PBXFileReference; lastKnownFileType = sourcecode.swift; path = ViewController.swift; sourceTree = "<group>"; };
		228AB95820C1BE70005618DE /* Base */ = {isa = PBXFileReference; lastKnownFileType = file.storyboard; name = Base; path = Base.lproj/Main.storyboard; sourceTree = "<group>"; };
		228AB95A20C1BE72005618DE /* Assets.xcassets */ = {isa = PBXFileReference; lastKnownFileType = folder.assetcatalog; path = Assets.xcassets; sourceTree = "<group>"; };
		228AB95D20C1BE72005618DE /* Base */ = {isa = PBXFileReference; lastKnownFileType = file.storyboard; name = Base; path = Base.lproj/LaunchScreen.storyboard; sourceTree = "<group>"; };
		228AB95F20C1BE72005618DE /* Info.plist */ = {isa = PBXFileReference; lastKnownFileType = text.plist.xml; path = Info.plist; sourceTree = "<group>"; };
		228AB96520C1BE86005618DE /* BluetoothGuy.swift */ = {isa = PBXFileReference; lastKnownFileType = sourcecode.swift; path = BluetoothGuy.swift; sourceTree = "<group>"; };
		228AB96820C1C074005618DE /* CoreBluetooth.framework */ = {isa = PBXFileReference; lastKnownFileType = wrapper.framework; name = CoreBluetooth.framework; path = System/Library/Frameworks/CoreBluetooth.framework; sourceTree = SDKROOT; };
		22990B9920C35A0100616ED5 /* BluetoothConstants.swift */ = {isa = PBXFileReference; lastKnownFileType = sourcecode.swift; path = BluetoothConstants.swift; sourceTree = "<group>"; };
/* End PBXFileReference section */

/* Begin PBXFrameworksBuildPhase section */
		228AB94D20C1BE70005618DE /* Frameworks */ = {
			isa = PBXFrameworksBuildPhase;
			buildActionMask = 2147483647;
			files = (
				228AB96920C1C074005618DE /* CoreBluetooth.framework in Frameworks */,
			);
			runOnlyForDeploymentPostprocessing = 0;
		};
/* End PBXFrameworksBuildPhase section */

/* Begin PBXGroup section */
		228AB94720C1BE70005618DE = {
			isa = PBXGroup;
			children = (
				228AB95220C1BE70005618DE /* Bluetooth */,
				228AB95120C1BE70005618DE /* Products */,
				228AB96720C1C074005618DE /* Frameworks */,
			);
			sourceTree = "<group>";
		};
		228AB95120C1BE70005618DE /* Products */ = {
			isa = PBXGroup;
			children = (
				228AB95020C1BE70005618DE /* Bluetooth.app */,
			);
			name = Products;
			sourceTree = "<group>";
		};
		228AB95220C1BE70005618DE /* Bluetooth */ = {
			isa = PBXGroup;
			children = (
				228AB95320C1BE70005618DE /* AppDelegate.swift */,
				228AB95520C1BE70005618DE /* ViewController.swift */,
				228AB96520C1BE86005618DE /* BluetoothGuy.swift */,
				22990B9920C35A0100616ED5 /* BluetoothConstants.swift */,
				228AB95720C1BE70005618DE /* Main.storyboard */,
				228AB95A20C1BE72005618DE /* Assets.xcassets */,
				228AB95C20C1BE72005618DE /* LaunchScreen.storyboard */,
				228AB95F20C1BE72005618DE /* Info.plist */,
			);
			path = Bluetooth;
			sourceTree = "<group>";
		};
		228AB96720C1C074005618DE /* Frameworks */ = {
			isa = PBXGroup;
			children = (
				228AB96820C1C074005618DE /* CoreBluetooth.framework */,
			);
			name = Frameworks;
			sourceTree = "<group>";
		};
/* End PBXGroup section */

/* Begin PBXNativeTarget section */
		228AB94F20C1BE70005618DE /* Bluetooth */ = {
			isa = PBXNativeTarget;
			buildConfigurationList = 228AB96220C1BE72005618DE /* Build configuration list for PBXNativeTarget "Bluetooth" */;
			buildPhases = (
				228AB94C20C1BE70005618DE /* Sources */,
				228AB94D20C1BE70005618DE /* Frameworks */,
				228AB94E20C1BE70005618DE /* Resources */,
			);
			buildRules = (
			);
			dependencies = (
			);
			name = Bluetooth;
			productName = Bluetooth;
			productReference = 228AB95020C1BE70005618DE /* Bluetooth.app */;
			productType = "com.apple.product-type.application";
		};
/* End PBXNativeTarget section */

/* Begin PBXProject section */
		228AB94820C1BE70005618DE /* Project object */ = {
			isa = PBXProject;
			attributes = {
				LastSwiftUpdateCheck = 0940;
				LastUpgradeCheck = 0940;
				ORGANIZATIONNAME = "meech-ward";
				TargetAttributes = {
					228AB94F20C1BE70005618DE = {
						CreatedOnToolsVersion = 9.4;
					};
				};
			};
			buildConfigurationList = 228AB94B20C1BE70005618DE /* Build configuration list for PBXProject "Bluetooth" */;
			compatibilityVersion = "Xcode 9.3";
			developmentRegion = en;
			hasScannedForEncodings = 0;
			knownRegions = (
				en,
				Base,
			);
			mainGroup = 228AB94720C1BE70005618DE;
			productRefGroup = 228AB95120C1BE70005618DE /* Products */;
			projectDirPath = "";
			projectRoot = "";
			targets = (
				228AB94F20C1BE70005618DE /* Bluetooth */,
			);
		};
/* End PBXProject section */

/* Begin PBXResourcesBuildPhase section */
		228AB94E20C1BE70005618DE /* Resources */ = {
			isa = PBXResourcesBuildPhase;
			buildActionMask = 2147483647;
			files = (
				228AB95E20C1BE72005618DE /* LaunchScreen.storyboard in Resources */,
				228AB95B20C1BE72005618DE /* Assets.xcassets in Resources */,
				228AB95920C1BE70005618DE /* Main.storyboard in Resources */,
			);
			runOnlyForDeploymentPostprocessing = 0;
		};
/* End PBXResourcesBuildPhase section */

/* Begin PBXSourcesBuildPhase section */
		228AB94C20C1BE70005618DE /* Sources */ = {
			isa = PBXSourcesBuildPhase;
			buildActionMask = 2147483647;
			files = (
				228AB95620C1BE70005618DE /* ViewController.swift in Sources */,
				228AB95420C1BE70005618DE /* AppDelegate.swift in Sources */,
				22990B9A20C35A0100616ED5 /* BluetoothConstants.swift in Sources */,
				228AB96620C1BE86005618DE /* BluetoothGuy.swift in Sources */,
			);
			runOnlyForDeploymentPostprocessing = 0;
		};
/* End PBXSourcesBuildPhase section */

/* Begin PBXVariantGroup section */
		228AB95720C1BE70005618DE /* Main.storyboard */ = {
			isa = PBXVariantGroup;
			children = (
				228AB95820C1BE70005618DE /* Base */,
			);
			name = Main.storyboard;
			sourceTree = "<group>";
		};
		228AB95C20C1BE72005618DE /* LaunchScreen.storyboard */ = {
			isa = PBXVariantGroup;
			children = (
				228AB95D20C1BE72005618DE /* Base */,
			);
			name = LaunchScreen.storyboard;
			sourceTree = "<group>";
		};
/* End PBXVariantGroup section */

/* Begin XCBuildConfiguration section */
		228AB96020C1BE72005618DE /* Debug */ = {
			isa = XCBuildConfiguration;
			buildSettings = {
				ALWAYS_SEARCH_USER_PATHS = NO;
				CLANG_ANALYZER_NONNULL = YES;
				CLANG_ANALYZER_NUMBER_OBJECT_CONVERSION = YES_AGGRESSIVE;
				CLANG_CXX_LANGUAGE_STANDARD = "gnu++14";
				CLANG_CXX_LIBRARY = "libc++";
				CLANG_ENABLE_MODULES = YES;
				CLANG_ENABLE_OBJC_ARC = YES;
				CLANG_ENABLE_OBJC_WEAK = YES;
				CLANG_WARN_BLOCK_CAPTURE_AUTORELEASING = YES;
				CLANG_WARN_BOOL_CONVERSION = YES;
				CLANG_WARN_COMMA = YES;
				CLANG_WARN_CONSTANT_CONVERSION = YES;
				CLANG_WARN_DEPRECATED_OBJC_IMPLEMENTATIONS = YES;
				CLANG_WARN_DIRECT_OBJC_ISA_USAGE = YES_ERROR;
				CLANG_WARN_DOCUMENTATION_COMMENTS = YES;
				CLANG_WARN_EMPTY_BODY = YES;
				CLANG_WARN_ENUM_CONVERSION = YES;
				CLANG_WARN_INFINITE_RECURSION = YES;
				CLANG_WARN_INT_CONVERSION = YES;
				CLANG_WARN_NON_LITERAL_NULL_CONVERSION = YES;
				CLANG_WARN_OBJC_IMPLICIT_RETAIN_SELF = YES;
				CLANG_WARN_OBJC_LITERAL_CONVERSION = YES;
				CLANG_WARN_OBJC_ROOT_CLASS = YES_ERROR;
				CLANG_WARN_RANGE_LOOP_ANALYSIS = YES;
				CLANG_WARN_STRICT_PROTOTYPES = YES;
				CLANG_WARN_SUSPICIOUS_MOVE = YES;
				CLANG_WARN_UNGUARDED_AVAILABILITY = YES_AGGRESSIVE;
				CLANG_WARN_UNREACHABLE_CODE = YES;
				CLANG_WARN__DUPLICATE_METHOD_MATCH = YES;
				CODE_SIGN_IDENTITY = "iPhone Developer";
				COPY_PHASE_STRIP = NO;
				DEBUG_INFORMATION_FORMAT = dwarf;
				ENABLE_STRICT_OBJC_MSGSEND = YES;
				ENABLE_TESTABILITY = YES;
				GCC_C_LANGUAGE_STANDARD = gnu11;
				GCC_DYNAMIC_NO_PIC = NO;
				GCC_NO_COMMON_BLOCKS = YES;
				GCC_OPTIMIZATION_LEVEL = 0;
				GCC_PREPROCESSOR_DEFINITIONS = (
					"DEBUG=1",
					"$(inherited)",
				);
				GCC_WARN_64_TO_32_BIT_CONVERSION = YES;
				GCC_WARN_ABOUT_RETURN_TYPE = YES_ERROR;
				GCC_WARN_UNDECLARED_SELECTOR = YES;
				GCC_WARN_UNINITIALIZED_AUTOS = YES_AGGRESSIVE;
				GCC_WARN_UNUSED_FUNCTION = YES;
				GCC_WARN_UNUSED_VARIABLE = YES;
				IPHONEOS_DEPLOYMENT_TARGET = 11.4;
				MTL_ENABLE_DEBUG_INFO = YES;
				ONLY_ACTIVE_ARCH = YES;
				SDKROOT = iphoneos;
				SWIFT_ACTIVE_COMPILATION_CONDITIONS = DEBUG;
				SWIFT_OPTIMIZATION_LEVEL = "-Onone";
			};
			name = Debug;
		};
		228AB96120C1BE72005618DE /* Release */ = {
			isa = XCBuildConfiguration;
			buildSettings = {
				ALWAYS_SEARCH_USER_PATHS = NO;
				CLANG_ANALYZER_NONNULL = YES;
				CLANG_ANALYZER_NUMBER_OBJECT_CONVERSION = YES_AGGRESSIVE;
				CLANG_CXX_LANGUAGE_STANDARD = "gnu++14";
				CLANG_CXX_LIBRARY = "libc++";
				CLANG_ENABLE_MODULES = YES;
				CLANG_ENABLE_OBJC_ARC = YES;
				CLANG_ENABLE_OBJC_WEAK = YES;
				CLANG_WARN_BLOCK_CAPTURE_AUTORELEASING = YES;
				CLANG_WARN_BOOL_CONVERSION = YES;
				CLANG_WARN_COMMA = YES;
				CLANG_WARN_CONSTANT_CONVERSION = YES;
				CLANG_WARN_DEPRECATED_OBJC_IMPLEMENTATIONS = YES;
				CLANG_WARN_DIRECT_OBJC_ISA_USAGE = YES_ERROR;
				CLANG_WARN_DOCUMENTATION_COMMENTS = YES;
				CLANG_WARN_EMPTY_BODY = YES;
				CLANG_WARN_ENUM_CONVERSION = YES;
				CLANG_WARN_INFINITE_RECURSION = YES;
				CLANG_WARN_INT_CONVERSION = YES;
				CLANG_WARN_NON_LITERAL_NULL_CONVERSION = YES;
				CLANG_WARN_OBJC_IMPLICIT_RETAIN_SELF = YES;
				CLANG_WARN_OBJC_LITERAL_CONVERSION = YES;
				CLANG_WARN_OBJC_ROOT_CLASS = YES_ERROR;
				CLANG_WARN_RANGE_LOOP_ANALYSIS = YES;
				CLANG_WARN_STRICT_PROTOTYPES = YES;
				CLANG_WARN_SUSPICIOUS_MOVE = YES;
				CLANG_WARN_UNGUARDED_AVAILABILITY = YES_AGGRESSIVE;
				CLANG_WARN_UNREACHABLE_CODE = YES;
				CLANG_WARN__DUPLICATE_METHOD_MATCH = YES;
				CODE_SIGN_IDENTITY = "iPhone Developer";
				COPY_PHASE_STRIP = NO;
				DEBUG_INFORMATION_FORMAT = "dwarf-with-dsym";
				ENABLE_NS_ASSERTIONS = NO;
				ENABLE_STRICT_OBJC_MSGSEND = YES;
				GCC_C_LANGUAGE_STANDARD = gnu11;
				GCC_NO_COMMON_BLOCKS = YES;
				GCC_WARN_64_TO_32_BIT_CONVERSION = YES;
				GCC_WARN_ABOUT_RETURN_TYPE = YES_ERROR;
				GCC_WARN_UNDECLARED_SELECTOR = YES;
				GCC_WARN_UNINITIALIZED_AUTOS = YES_AGGRESSIVE;
				GCC_WARN_UNUSED_FUNCTION = YES;
				GCC_WARN_UNUSED_VARIABLE = YES;
				IPHONEOS_DEPLOYMENT_TARGET = 11.4;
				MTL_ENABLE_DEBUG_INFO = NO;
				SDKROOT = iphoneos;
				SWIFT_COMPILATION_MODE = wholemodule;
				SWIFT_OPTIMIZATION_LEVEL = "-O";
				VALIDATE_PRODUCT = YES;
			};
			name = Release;
		};
		228AB96320C1BE72005618DE /* Debug */ = {
			isa = XCBuildConfiguration;
			buildSettings = {
				ASSETCATALOG_COMPILER_APPICON_NAME = AppIcon;
				CODE_SIGN_STYLE = Automatic;
				DEVELOPMENT_TEAM = 7GT6EK8D4J;
				INFOPLIST_FILE = Bluetooth/Info.plist;
				IPHONEOS_DEPLOYMENT_TARGET = 11.1;
				LD_RUNPATH_SEARCH_PATHS = (
					"$(inherited)",
					"@executable_path/Frameworks",
				);
				PRODUCT_BUNDLE_IDENTIFIER = "com.meech-ward.Bluetooth";
				PRODUCT_NAME = "$(TARGET_NAME)";
				SWIFT_VERSION = 4.0;
				TARGETED_DEVICE_FAMILY = "1,2";
			};
			name = Debug;
		};
		228AB96420C1BE72005618DE /* Release */ = {
			isa = XCBuildConfiguration;
			buildSettings = {
				ASSETCATALOG_COMPILER_APPICON_NAME = AppIcon;
				CODE_SIGN_STYLE = Automatic;
				DEVELOPMENT_TEAM = 7GT6EK8D4J;
				INFOPLIST_FILE = Bluetooth/Info.plist;
				IPHONEOS_DEPLOYMENT_TARGET = 11.1;
				LD_RUNPATH_SEARCH_PATHS = (
					"$(inherited)",
					"@executable_path/Frameworks",
				);
				PRODUCT_BUNDLE_IDENTIFIER = "com.meech-ward.Bluetooth";
				PRODUCT_NAME = "$(TARGET_NAME)";
				SWIFT_VERSION = 4.0;
				TARGETED_DEVICE_FAMILY = "1,2";
			};
			name = Release;
		};
/* End XCBuildConfiguration section */

/* Begin XCConfigurationList section */
		228AB94B20C1BE70005618DE /* Build configuration list for PBXProject "Bluetooth" */ = {
			isa = XCConfigurationList;
			buildConfigurations = (
				228AB96020C1BE72005618DE /* Debug */,
				228AB96120C1BE72005618DE /* Release */,
			);
			defaultConfigurationIsVisible = 0;
			defaultConfigurationName = Release;
		};
		228AB96220C1BE72005618DE /* Build configuration list for PBXNativeTarget "Bluetooth" */ = {
			isa = XCConfigurationList;
			buildConfigurations = (
				228AB96320C1BE72005618DE /* Debug */,
				228AB96420C1BE72005618DE /* Release */,
			);
			defaultConfigurationIsVisible = 0;
			defaultConfigurationName = Release;
		};
/* End XCConfigurationList section */
	};
	rootObject = 228AB94820C1BE70005618DE /* Project object */;
}
